
Microsoft Visual Studio Solution File, Format Version 12.00
# Visual Studio 15
VisualStudioVersion = 15.0.27004.2002
MinimumVisualStudioVersion = 10.0.40219.1
Project("{9A19103F-16F7-4668-BE54-9A1E7A4F7556}") = "pharmacy.api", "pharmacy.api\pharmacy.api.csproj", "{9CC46344-0D3B-471C-BEC8-6E4006EB57AA}"
EndProject
Project("{2150E333-8FDC-42A3-9474-1A3956D46DE8}") = "api", "api", "{DB645F66-1990-4207-A9F9-F20D0A4488C2}"
EndProject
Project("{2150E333-8FDC-42A3-9474-1A3956D46DE8}") = "tests", "tests", "{1659088F-56EB-456B-AE76-49CDDDB9244D}"
EndProject
Project("{9A19103F-16F7-4668-BE54-9A1E7A4F7556}") = "pharmacy.api.unittests", "pharmacy.api.tests\pharmacy.api.unittests.csproj", "{69CA03EB-0CF4-4A79-A78C-F48BC7F9B4DD}"
EndProject
Project("{E53339B2-1760-4266-BCC7-CA923CBCF16C}") = "docker-compose", "docker-compose.dcproj", "{9F2FEBA2-1BA5-4680-B390-692D32B15C23}"
EndProject
Project("{FAE04EC0-301F-11D3-BF4B-00C04F79EFBC}") = "pharmacy.api.integration.tests", "pharmacy.api.integration.tests\pharmacy.api.integration.tests.csproj", "{C6236D89-7075-4046-B561-795C1FA09A4D}"
EndProject
Global
	GlobalSection(SolutionConfigurationPlatforms) = preSolution
		Debug|Any CPU = Debug|Any CPU
		Release|Any CPU = Release|Any CPU
	EndGlobalSection
	GlobalSection(ProjectConfigurationPlatforms) = postSolution
		{9CC46344-0D3B-471C-BEC8-6E4006EB57AA}.Debug|Any CPU.ActiveCfg = Debug|Any CPU
		{9CC46344-0D3B-471C-BEC8-6E4006EB57AA}.Debug|Any CPU.Build.0 = Debug|Any CPU
		{9CC46344-0D3B-471C-BEC8-6E4006EB57AA}.Release|Any CPU.ActiveCfg = Release|Any CPU
		{9CC46344-0D3B-471C-BEC8-6E4006EB57AA}.Release|Any CPU.Build.0 = Release|Any CPU
		{69CA03EB-0CF4-4A79-A78C-F48BC7F9B4DD}.Debug|Any CPU.ActiveCfg = Debug|Any CPU
		{69CA03EB-0CF4-4A79-A78C-F48BC7F9B4DD}.Debug|Any CPU.Build.0 = Debug|Any CPU
		{69CA03EB-0CF4-4A79-A78C-F48BC7F9B4DD}.Release|Any CPU.ActiveCfg = Release|Any CPU
		{69CA03EB-0CF4-4A79-A78C-F48BC7F9B4DD}.Release|Any CPU.Build.0 = Release|Any CPU
		{9F2FEBA2-1BA5-4680-B390-692D32B15C23}.Debug|Any CPU.ActiveCfg = Debug|Any CPU
		{9F2FEBA2-1BA5-4680-B390-692D32B15C23}.Debug|Any CPU.Build.0 = Debug|Any CPU
		{9F2FEBA2-1BA5-4680-B390-692D32B15C23}.Release|Any CPU.ActiveCfg = Release|Any CPU
		{9F2FEBA2-1BA5-4680-B390-692D32B15C23}.Release|Any CPU.Build.0 = Release|Any CPU
		{C6236D89-7075-4046-B561-795C1FA09A4D}.Debug|Any CPU.ActiveCfg = Debug|Any CPU
		{C6236D89-7075-4046-B561-795C1FA09A4D}.Debug|Any CPU.Build.0 = Debug|Any CPU
		{C6236D89-7075-4046-B561-795C1FA09A4D}.Release|Any CPU.ActiveCfg = Release|Any CPU
		{C6236D89-7075-4046-B561-795C1FA09A4D}.Release|Any CPU.Build.0 = Release|Any CPU
	EndGlobalSection
	GlobalSection(SolutionProperties) = preSolution
		HideSolutionNode = FALSE
	EndGlobalSection
	GlobalSection(NestedProjects) = preSolution
		{9CC46344-0D3B-471C-BEC8-6E4006EB57AA} = {DB645F66-1990-4207-A9F9-F20D0A4488C2}
		{69CA03EB-0CF4-4A79-A78C-F48BC7F9B4DD} = {1659088F-56EB-456B-AE76-49CDDDB9244D}
		{C6236D89-7075-4046-B561-795C1FA09A4D} = {1659088F-56EB-456B-AE76-49CDDDB9244D}
	EndGlobalSection
	GlobalSection(ExtensibilityGlobals) = postSolution
		SolutionGuid = {E4B88390-494D-435F-99A6-A1F2FCAC4BA4}
	EndGlobalSection
EndGlobal
